
Microsoft Visual Studio Solution File, Format Version 12.00
# Visual Studio 15
Project("{FAE04EC0-301F-11D3-BF4B-00C04F79EFBC}") = "Assembly-CSharp", "Assembly-CSharp.csproj", "{A84442CE-FB3E-FB65-4545-6273437E58CE}"
EndProject
Project("{FAE04EC0-301F-11D3-BF4B-00C04F79EFBC}") = "Assembly-CSharp-Editor", "Assembly-CSharp-Editor.csproj", "{957B1671-FFD9-E194-2E4C-38B5503A9756}"
EndProject
Global
	GlobalSection(SolutionConfigurationPlatforms) = preSolution
		Debug|Any CPU = Debug|Any CPU
		Release|Any CPU = Release|Any CPU
	EndGlobalSection
	GlobalSection(ProjectConfigurationPlatforms) = postSolution
		{A84442CE-FB3E-FB65-4545-6273437E58CE}.Debug|Any CPU.ActiveCfg = Debug|Any CPU
		{A84442CE-FB3E-FB65-4545-6273437E58CE}.Debug|Any CPU.Build.0 = Debug|Any CPU
		{A84442CE-FB3E-FB65-4545-6273437E58CE}.Release|Any CPU.ActiveCfg = Release|Any CPU
		{A84442CE-FB3E-FB65-4545-6273437E58CE}.Release|Any CPU.Build.0 = Release|Any CPU
		{957B1671-FFD9-E194-2E4C-38B5503A9756}.Debug|Any CPU.ActiveCfg = Debug|Any CPU
		{957B1671-FFD9-E194-2E4C-38B5503A9756}.Debug|Any CPU.Build.0 = Debug|Any CPU
		{957B1671-FFD9-E194-2E4C-38B5503A9756}.Release|Any CPU.ActiveCfg = Release|Any CPU
		{957B1671-FFD9-E194-2E4C-38B5503A9756}.Release|Any CPU.Build.0 = Release|Any CPU
	EndGlobalSection
	GlobalSection(SolutionProperties) = preSolution
		HideSolutionNode = FALSE
	EndGlobalSection
EndGlobal
